// !$*UTF8*$!
{
	archiveVersion = 1;
	classes = {
	};
	objectVersion = 50;
	objects = {

/* Begin PBXBuildFile section */
		0DAFFEA57A24FAC09B7A1608 /* libPods-YWKit.a in Frameworks */ = {isa = PBXBuildFile; fileRef = 2B4FFA875CFBE3B590D89F6A /* libPods-YWKit.a */; };
		771DD94B2137C52300E49774 /* AppDelegate.m in Sources */ = {isa = PBXBuildFile; fileRef = 771DD94A2137C52300E49774 /* AppDelegate.m */; };
		771DD94E2137C52300E49774 /* ViewController.m in Sources */ = {isa = PBXBuildFile; fileRef = 771DD94D2137C52300E49774 /* ViewController.m */; };
		771DD9512137C52300E49774 /* Main.storyboard in Resources */ = {isa = PBXBuildFile; fileRef = 771DD94F2137C52300E49774 /* Main.storyboard */; };
		771DD9532137C52400E49774 /* Assets.xcassets in Resources */ = {isa = PBXBuildFile; fileRef = 771DD9522137C52400E49774 /* Assets.xcassets */; };
		771DD9562137C52400E49774 /* LaunchScreen.storyboard in Resources */ = {isa = PBXBuildFile; fileRef = 771DD9542137C52400E49774 /* LaunchScreen.storyboard */; };
		771DD9592137C52400E49774 /* main.m in Sources */ = {isa = PBXBuildFile; fileRef = 771DD9582137C52400E49774 /* main.m */; };
		772F9535213D11C900D18E2B /* YWImage.xcassets in Resources */ = {isa = PBXBuildFile; fileRef = 772F9534213D11C900D18E2B /* YWImage.xcassets */; };
		772F9538213D161400D18E2B /* NSObject+NetworkInfo.m in Sources */ = {isa = PBXBuildFile; fileRef = 772F9537213D161300D18E2B /* NSObject+NetworkInfo.m */; };
		772F9544213D1A0500D18E2B /* UIView+MGTAddition.m in Sources */ = {isa = PBXBuildFile; fileRef = 772F9542213D1A0500D18E2B /* UIView+MGTAddition.m */; };
		772F9547213D1B1C00D18E2B /* UIDevice+MGTAddition.m in Sources */ = {isa = PBXBuildFile; fileRef = 772F9546213D1B1C00D18E2B /* UIDevice+MGTAddition.m */; };
		772F954A213D1B2C00D18E2B /* UIColor+MGTAddition.m in Sources */ = {isa = PBXBuildFile; fileRef = 772F9548213D1B2B00D18E2B /* UIColor+MGTAddition.m */; };
		772F954D213D1B7D00D18E2B /* UIApplication+MGTAddition.m in Sources */ = {isa = PBXBuildFile; fileRef = 772F954C213D1B7D00D18E2B /* UIApplication+MGTAddition.m */; };
		772F9552213D1BCE00D18E2B /* NSObject+MGTAddition.m in Sources */ = {isa = PBXBuildFile; fileRef = 772F954E213D1BCD00D18E2B /* NSObject+MGTAddition.m */; };
		772F9553213D1BCE00D18E2B /* NSString+MGTAddition.m in Sources */ = {isa = PBXBuildFile; fileRef = 772F954F213D1BCD00D18E2B /* NSString+MGTAddition.m */; };
		772F9558213D1C0800D18E2B /* NSDate+MGTAddition.m in Sources */ = {isa = PBXBuildFile; fileRef = 772F9556213D1C0700D18E2B /* NSDate+MGTAddition.m */; };
		772F9559213D1C0800D18E2B /* NSData+MGTAddition.m in Sources */ = {isa = PBXBuildFile; fileRef = 772F9557213D1C0800D18E2B /* NSData+MGTAddition.m */; };
		772F955C213D1C7300D18E2B /* MGTKeyboard.m in Sources */ = {isa = PBXBuildFile; fileRef = 772F955B213D1C7300D18E2B /* MGTKeyboard.m */; };
		772F955F213D1CAD00D18E2B /* CALayer+MGTAddition.m in Sources */ = {isa = PBXBuildFile; fileRef = 772F955E213D1CAD00D18E2B /* CALayer+MGTAddition.m */; };
		772F9562213D1F0400D18E2B /* NSNumber+MGTAddition.m in Sources */ = {isa = PBXBuildFile; fileRef = 772F9560213D1F0400D18E2B /* NSNumber+MGTAddition.m */; };
		772F9565213D1F4000D18E2B /* MGTCGUtil.m in Sources */ = {isa = PBXBuildFile; fileRef = 772F9564213D1F4000D18E2B /* MGTCGUtil.m */; };
/* End PBXBuildFile section */

/* Begin PBXFileReference section */
		2B4FFA875CFBE3B590D89F6A /* libPods-YWKit.a */ = {isa = PBXFileReference; explicitFileType = archive.ar; includeInIndex = 0; path = "libPods-YWKit.a"; sourceTree = BUILT_PRODUCTS_DIR; };
		771DD9462137C52200E49774 /* YWKit.app */ = {isa = PBXFileReference; explicitFileType = wrapper.application; includeInIndex = 0; path = YWKit.app; sourceTree = BUILT_PRODUCTS_DIR; };
		771DD9492137C52200E49774 /* AppDelegate.h */ = {isa = PBXFileReference; lastKnownFileType = sourcecode.c.h; path = AppDelegate.h; sourceTree = "<group>"; };
		771DD94A2137C52300E49774 /* AppDelegate.m */ = {isa = PBXFileReference; lastKnownFileType = sourcecode.c.objc; path = AppDelegate.m; sourceTree = "<group>"; };
		771DD94C2137C52300E49774 /* ViewController.h */ = {isa = PBXFileReference; lastKnownFileType = sourcecode.c.h; path = ViewController.h; sourceTree = "<group>"; };
		771DD94D2137C52300E49774 /* ViewController.m */ = {isa = PBXFileReference; lastKnownFileType = sourcecode.c.objc; path = ViewController.m; sourceTree = "<group>"; };
		771DD9502137C52300E49774 /* Base */ = {isa = PBXFileReference; lastKnownFileType = file.storyboard; name = Base; path = Base.lproj/Main.storyboard; sourceTree = "<group>"; };
		771DD9522137C52400E49774 /* Assets.xcassets */ = {isa = PBXFileReference; lastKnownFileType = folder.assetcatalog; path = Assets.xcassets; sourceTree = "<group>"; };
		771DD9552137C52400E49774 /* Base */ = {isa = PBXFileReference; lastKnownFileType = file.storyboard; name = Base; path = Base.lproj/LaunchScreen.storyboard; sourceTree = "<group>"; };
		771DD9572137C52400E49774 /* Info.plist */ = {isa = PBXFileReference; lastKnownFileType = text.plist.xml; path = Info.plist; sourceTree = "<group>"; };
		771DD9582137C52400E49774 /* main.m */ = {isa = PBXFileReference; lastKnownFileType = sourcecode.c.objc; path = main.m; sourceTree = "<group>"; };
		772F9534213D11C900D18E2B /* YWImage.xcassets */ = {isa = PBXFileReference; lastKnownFileType = folder.assetcatalog; path = YWImage.xcassets; sourceTree = "<group>"; };
		772F9536213D161300D18E2B /* NSObject+NetworkInfo.h */ = {isa = PBXFileReference; fileEncoding = 4; lastKnownFileType = sourcecode.c.h; path = "NSObject+NetworkInfo.h"; sourceTree = "<group>"; };
		772F9537213D161300D18E2B /* NSObject+NetworkInfo.m */ = {isa = PBXFileReference; fileEncoding = 4; lastKnownFileType = sourcecode.c.objc; path = "NSObject+NetworkInfo.m"; sourceTree = "<group>"; };
		772F9542213D1A0500D18E2B /* UIView+MGTAddition.m */ = {isa = PBXFileReference; fileEncoding = 4; lastKnownFileType = sourcecode.c.objc; path = "UIView+MGTAddition.m"; sourceTree = "<group>"; };
		772F9543213D1A0500D18E2B /* UIView+MGTAddition.h */ = {isa = PBXFileReference; fileEncoding = 4; lastKnownFileType = sourcecode.c.h; path = "UIView+MGTAddition.h"; sourceTree = "<group>"; };
		772F9545213D1B1B00D18E2B /* UIDevice+MGTAddition.h */ = {isa = PBXFileReference; fileEncoding = 4; lastKnownFileType = sourcecode.c.h; path = "UIDevice+MGTAddition.h"; sourceTree = "<group>"; };
		772F9546213D1B1C00D18E2B /* UIDevice+MGTAddition.m */ = {isa = PBXFileReference; fileEncoding = 4; lastKnownFileType = sourcecode.c.objc; path = "UIDevice+MGTAddition.m"; sourceTree = "<group>"; };
		772F9548213D1B2B00D18E2B /* UIColor+MGTAddition.m */ = {isa = PBXFileReference; fileEncoding = 4; lastKnownFileType = sourcecode.c.objc; path = "UIColor+MGTAddition.m"; sourceTree = "<group>"; };
		772F9549213D1B2B00D18E2B /* UIColor+MGTAddition.h */ = {isa = PBXFileReference; fileEncoding = 4; lastKnownFileType = sourcecode.c.h; path = "UIColor+MGTAddition.h"; sourceTree = "<group>"; };
		772F954B213D1B7D00D18E2B /* UIApplication+MGTAddition.h */ = {isa = PBXFileReference; fileEncoding = 4; lastKnownFileType = sourcecode.c.h; path = "UIApplication+MGTAddition.h"; sourceTree = "<group>"; };
		772F954C213D1B7D00D18E2B /* UIApplication+MGTAddition.m */ = {isa = PBXFileReference; fileEncoding = 4; lastKnownFileType = sourcecode.c.objc; path = "UIApplication+MGTAddition.m"; sourceTree = "<group>"; };
		772F954E213D1BCD00D18E2B /* NSObject+MGTAddition.m */ = {isa = PBXFileReference; fileEncoding = 4; lastKnownFileType = sourcecode.c.objc; path = "NSObject+MGTAddition.m"; sourceTree = "<group>"; };
		772F954F213D1BCD00D18E2B /* NSString+MGTAddition.m */ = {isa = PBXFileReference; fileEncoding = 4; lastKnownFileType = sourcecode.c.objc; path = "NSString+MGTAddition.m"; sourceTree = "<group>"; };
		772F9550213D1BCD00D18E2B /* NSObject+MGTAddition.h */ = {isa = PBXFileReference; fileEncoding = 4; lastKnownFileType = sourcecode.c.h; path = "NSObject+MGTAddition.h"; sourceTree = "<group>"; };
		772F9551213D1BCE00D18E2B /* NSString+MGTAddition.h */ = {isa = PBXFileReference; fileEncoding = 4; lastKnownFileType = sourcecode.c.h; path = "NSString+MGTAddition.h"; sourceTree = "<group>"; };
		772F9554213D1C0700D18E2B /* NSData+MGTAddition.h */ = {isa = PBXFileReference; fileEncoding = 4; lastKnownFileType = sourcecode.c.h; path = "NSData+MGTAddition.h"; sourceTree = "<group>"; };
		772F9555213D1C0700D18E2B /* NSDate+MGTAddition.h */ = {isa = PBXFileReference; fileEncoding = 4; lastKnownFileType = sourcecode.c.h; path = "NSDate+MGTAddition.h"; sourceTree = "<group>"; };
		772F9556213D1C0700D18E2B /* NSDate+MGTAddition.m */ = {isa = PBXFileReference; fileEncoding = 4; lastKnownFileType = sourcecode.c.objc; path = "NSDate+MGTAddition.m"; sourceTree = "<group>"; };
		772F9557213D1C0800D18E2B /* NSData+MGTAddition.m */ = {isa = PBXFileReference; fileEncoding = 4; lastKnownFileType = sourcecode.c.objc; path = "NSData+MGTAddition.m"; sourceTree = "<group>"; };
		772F955A213D1C7200D18E2B /* MGTKeyboard.h */ = {isa = PBXFileReference; fileEncoding = 4; lastKnownFileType = sourcecode.c.h; path = MGTKeyboard.h; sourceTree = "<group>"; };
		772F955B213D1C7300D18E2B /* MGTKeyboard.m */ = {isa = PBXFileReference; fileEncoding = 4; lastKnownFileType = sourcecode.c.objc; path = MGTKeyboard.m; sourceTree = "<group>"; };
		772F955D213D1CAD00D18E2B /* CALayer+MGTAddition.h */ = {isa = PBXFileReference; fileEncoding = 4; lastKnownFileType = sourcecode.c.h; path = "CALayer+MGTAddition.h"; sourceTree = "<group>"; };
		772F955E213D1CAD00D18E2B /* CALayer+MGTAddition.m */ = {isa = PBXFileReference; fileEncoding = 4; lastKnownFileType = sourcecode.c.objc; path = "CALayer+MGTAddition.m"; sourceTree = "<group>"; };
		772F9560213D1F0400D18E2B /* NSNumber+MGTAddition.m */ = {isa = PBXFileReference; fileEncoding = 4; lastKnownFileType = sourcecode.c.objc; path = "NSNumber+MGTAddition.m"; sourceTree = "<group>"; };
		772F9561213D1F0400D18E2B /* NSNumber+MGTAddition.h */ = {isa = PBXFileReference; fileEncoding = 4; lastKnownFileType = sourcecode.c.h; path = "NSNumber+MGTAddition.h"; sourceTree = "<group>"; };
		772F9563213D1F4000D18E2B /* MGTCGUtil.h */ = {isa = PBXFileReference; fileEncoding = 4; lastKnownFileType = sourcecode.c.h; path = MGTCGUtil.h; sourceTree = "<group>"; };
		772F9564213D1F4000D18E2B /* MGTCGUtil.m */ = {isa = PBXFileReference; fileEncoding = 4; lastKnownFileType = sourcecode.c.objc; path = MGTCGUtil.m; sourceTree = "<group>"; };
		877CFE984E132F2DDF1D4DF8 /* Pods-YWKit.debug.xcconfig */ = {isa = PBXFileReference; includeInIndex = 1; lastKnownFileType = text.xcconfig; name = "Pods-YWKit.debug.xcconfig"; path = "Pods/Target Support Files/Pods-YWKit/Pods-YWKit.debug.xcconfig"; sourceTree = "<group>"; };
		FE5384EF05DB6FD1049D50F2 /* Pods-YWKit.release.xcconfig */ = {isa = PBXFileReference; includeInIndex = 1; lastKnownFileType = text.xcconfig; name = "Pods-YWKit.release.xcconfig"; path = "Pods/Target Support Files/Pods-YWKit/Pods-YWKit.release.xcconfig"; sourceTree = "<group>"; };
/* End PBXFileReference section */

/* Begin PBXFrameworksBuildPhase section */
		771DD9432137C52200E49774 /* Frameworks */ = {
			isa = PBXFrameworksBuildPhase;
			buildActionMask = 2147483647;
			files = (
				0DAFFEA57A24FAC09B7A1608 /* libPods-YWKit.a in Frameworks */,
			);
			runOnlyForDeploymentPostprocessing = 0;
		};
/* End PBXFrameworksBuildPhase section */

/* Begin PBXGroup section */
		21F0B254DBF9DDEF4D259B23 /* Pods */ = {
			isa = PBXGroup;
			children = (
				877CFE984E132F2DDF1D4DF8 /* Pods-YWKit.debug.xcconfig */,
				FE5384EF05DB6FD1049D50F2 /* Pods-YWKit.release.xcconfig */,
			);
			name = Pods;
			sourceTree = "<group>";
		};
		771DD93D2137C52200E49774 = {
			isa = PBXGroup;
			children = (
				771DD9482137C52200E49774 /* YWKit */,
				771DD9472137C52200E49774 /* Products */,
				21F0B254DBF9DDEF4D259B23 /* Pods */,
				D2C8A3BB15A4070A964B13CF /* Frameworks */,
			);
			sourceTree = "<group>";
		};
		771DD9472137C52200E49774 /* Products */ = {
			isa = PBXGroup;
			children = (
				771DD9462137C52200E49774 /* YWKit.app */,
			);
			name = Products;
			sourceTree = "<group>";
		};
		771DD9482137C52200E49774 /* YWKit */ = {
			isa = PBXGroup;
			children = (
				771DD95F2137C7E700E49774 /* Source */,
				771DD9492137C52200E49774 /* AppDelegate.h */,
				771DD94A2137C52300E49774 /* AppDelegate.m */,
				771DD94C2137C52300E49774 /* ViewController.h */,
				771DD94D2137C52300E49774 /* ViewController.m */,
				771DD94F2137C52300E49774 /* Main.storyboard */,
				771DD9522137C52400E49774 /* Assets.xcassets */,
				771DD9542137C52400E49774 /* LaunchScreen.storyboard */,
				771DD9572137C52400E49774 /* Info.plist */,
				771DD9582137C52400E49774 /* main.m */,
			);
			path = YWKit;
			sourceTree = "<group>";
		};
		771DD95F2137C7E700E49774 /* Source */ = {
			isa = PBXGroup;
			children = (
				772F9534213D11C900D18E2B /* YWImage.xcassets */,
				772F9536213D161300D18E2B /* NSObject+NetworkInfo.h */,
				772F9537213D161300D18E2B /* NSObject+NetworkInfo.m */,
				772F955D213D1CAD00D18E2B /* CALayer+MGTAddition.h */,
				772F955E213D1CAD00D18E2B /* CALayer+MGTAddition.m */,
				772F9563213D1F4000D18E2B /* MGTCGUtil.h */,
				772F9564213D1F4000D18E2B /* MGTCGUtil.m */,
				772F9543213D1A0500D18E2B /* UIView+MGTAddition.h */,
				772F9542213D1A0500D18E2B /* UIView+MGTAddition.m */,
				772F9561213D1F0400D18E2B /* NSNumber+MGTAddition.h */,
				772F9560213D1F0400D18E2B /* NSNumber+MGTAddition.m */,
				772F955A213D1C7200D18E2B /* MGTKeyboard.h */,
				772F955B213D1C7300D18E2B /* MGTKeyboard.m */,
				772F9554213D1C0700D18E2B /* NSData+MGTAddition.h */,
				772F9557213D1C0800D18E2B /* NSData+MGTAddition.m */,
				772F9555213D1C0700D18E2B /* NSDate+MGTAddition.h */,
				772F9556213D1C0700D18E2B /* NSDate+MGTAddition.m */,
				772F9550213D1BCD00D18E2B /* NSObject+MGTAddition.h */,
				772F954E213D1BCD00D18E2B /* NSObject+MGTAddition.m */,
				772F9551213D1BCE00D18E2B /* NSString+MGTAddition.h */,
				772F954F213D1BCD00D18E2B /* NSString+MGTAddition.m */,
				772F954B213D1B7D00D18E2B /* UIApplication+MGTAddition.h */,
				772F954C213D1B7D00D18E2B /* UIApplication+MGTAddition.m */,
				772F9549213D1B2B00D18E2B /* UIColor+MGTAddition.h */,
				772F9548213D1B2B00D18E2B /* UIColor+MGTAddition.m */,
				772F9545213D1B1B00D18E2B /* UIDevice+MGTAddition.h */,
				772F9546213D1B1C00D18E2B /* UIDevice+MGTAddition.m */,
			);
			path = Source;
			sourceTree = "<group>";
		};
		D2C8A3BB15A4070A964B13CF /* Frameworks */ = {
			isa = PBXGroup;
			children = (
				2B4FFA875CFBE3B590D89F6A /* libPods-YWKit.a */,
			);
			name = Frameworks;
			sourceTree = "<group>";
		};
/* End PBXGroup section */

/* Begin PBXNativeTarget section */
		771DD9452137C52200E49774 /* YWKit */ = {
			isa = PBXNativeTarget;
			buildConfigurationList = 771DD95C2137C52400E49774 /* Build configuration list for PBXNativeTarget "YWKit" */;
			buildPhases = (
				7A1D62F75531FE692E69F3AB /* [CP] Check Pods Manifest.lock */,
				771DD9422137C52200E49774 /* Sources */,
				771DD9432137C52200E49774 /* Frameworks */,
				771DD9442137C52200E49774 /* Resources */,
				2F9F9A04C24D8B15C740231D /* [CP] Copy Pods Resources */,
			);
			buildRules = (
			);
			dependencies = (
			);
			name = YWKit;
			productName = YWKit;
			productReference = 771DD9462137C52200E49774 /* YWKit.app */;
			productType = "com.apple.product-type.application";
		};
/* End PBXNativeTarget section */

/* Begin PBXProject section */
		771DD93E2137C52200E49774 /* Project object */ = {
			isa = PBXProject;
			attributes = {
				CLASSPREFIX = YW;
				LastUpgradeCheck = 0930;
				ORGANIZATIONNAME = "闫威威";
				TargetAttributes = {
					771DD9452137C52200E49774 = {
						CreatedOnToolsVersion = 9.3.1;
					};
				};
			};
			buildConfigurationList = 771DD9412137C52200E49774 /* Build configuration list for PBXProject "YWKit" */;
			compatibilityVersion = "Xcode 9.3";
			developmentRegion = en;
			hasScannedForEncodings = 0;
			knownRegions = (
				en,
				Base,
			);
			mainGroup = 771DD93D2137C52200E49774;
			productRefGroup = 771DD9472137C52200E49774 /* Products */;
			projectDirPath = "";
			projectRoot = "";
			targets = (
				771DD9452137C52200E49774 /* YWKit */,
			);
		};
/* End PBXProject section */

/* Begin PBXResourcesBuildPhase section */
		771DD9442137C52200E49774 /* Resources */ = {
			isa = PBXResourcesBuildPhase;
			buildActionMask = 2147483647;
			files = (
				771DD9562137C52400E49774 /* LaunchScreen.storyboard in Resources */,
				772F9535213D11C900D18E2B /* YWImage.xcassets in Resources */,
				771DD9532137C52400E49774 /* Assets.xcassets in Resources */,
				771DD9512137C52300E49774 /* Main.storyboard in Resources */,
			);
			runOnlyForDeploymentPostprocessing = 0;
		};
/* End PBXResourcesBuildPhase section */

/* Begin PBXShellScriptBuildPhase section */
		2F9F9A04C24D8B15C740231D /* [CP] Copy Pods Resources */ = {
			isa = PBXShellScriptBuildPhase;
			buildActionMask = 2147483647;
			files = (
			);
			inputPaths = (
				"${SRCROOT}/Pods/Target Support Files/Pods-YWKit/Pods-YWKit-resources.sh",
				"${PODS_ROOT}/MJRefresh/MJRefresh/MJRefresh.bundle",
			);
			name = "[CP] Copy Pods Resources";
			outputPaths = (
				"${TARGET_BUILD_DIR}/${UNLOCALIZED_RESOURCES_FOLDER_PATH}/MJRefresh.bundle",
			);
			runOnlyForDeploymentPostprocessing = 0;
			shellPath = /bin/sh;
			shellScript = "\"${SRCROOT}/Pods/Target Support Files/Pods-YWKit/Pods-YWKit-resources.sh\"\n";
			showEnvVarsInLog = 0;
		};
		7A1D62F75531FE692E69F3AB /* [CP] Check Pods Manifest.lock */ = {
			isa = PBXShellScriptBuildPhase;
			buildActionMask = 2147483647;
			files = (
			);
			inputPaths = (
				"${PODS_PODFILE_DIR_PATH}/Podfile.lock",
				"${PODS_ROOT}/Manifest.lock",
			);
			name = "[CP] Check Pods Manifest.lock";
			outputPaths = (
				"$(DERIVED_FILE_DIR)/Pods-YWKit-checkManifestLockResult.txt",
			);
			runOnlyForDeploymentPostprocessing = 0;
			shellPath = /bin/sh;
			shellScript = "diff \"${PODS_PODFILE_DIR_PATH}/Podfile.lock\" \"${PODS_ROOT}/Manifest.lock\" > /dev/null\nif [ $? != 0 ] ; then\n    # print error to STDERR\n    echo \"error: The sandbox is not in sync with the Podfile.lock. Run 'pod install' or update your CocoaPods installation.\" >&2\n    exit 1\nfi\n# This output is used by Xcode 'outputs' to avoid re-running this script phase.\necho \"SUCCESS\" > \"${SCRIPT_OUTPUT_FILE_0}\"\n";
			showEnvVarsInLog = 0;
		};
/* End PBXShellScriptBuildPhase section */

/* Begin PBXSourcesBuildPhase section */
		771DD9422137C52200E49774 /* Sources */ = {
			isa = PBXSourcesBuildPhase;
			buildActionMask = 2147483647;
			files = (
				772F955F213D1CAD00D18E2B /* CALayer+MGTAddition.m in Sources */,
				772F9562213D1F0400D18E2B /* NSNumber+MGTAddition.m in Sources */,
				772F9553213D1BCE00D18E2B /* NSString+MGTAddition.m in Sources */,
				772F9559213D1C0800D18E2B /* NSData+MGTAddition.m in Sources */,
				772F9538213D161400D18E2B /* NSObject+NetworkInfo.m in Sources */,
				771DD94E2137C52300E49774 /* ViewController.m in Sources */,
				772F9565213D1F4000D18E2B /* MGTCGUtil.m in Sources */,
				772F9552213D1BCE00D18E2B /* NSObject+MGTAddition.m in Sources */,
				771DD9592137C52400E49774 /* main.m in Sources */,
				772F955C213D1C7300D18E2B /* MGTKeyboard.m in Sources */,
				771DD94B2137C52300E49774 /* AppDelegate.m in Sources */,
				772F9547213D1B1C00D18E2B /* UIDevice+MGTAddition.m in Sources */,
				772F954A213D1B2C00D18E2B /* UIColor+MGTAddition.m in Sources */,
				772F9544213D1A0500D18E2B /* UIView+MGTAddition.m in Sources */,
				772F9558213D1C0800D18E2B /* NSDate+MGTAddition.m in Sources */,
				772F954D213D1B7D00D18E2B /* UIApplication+MGTAddition.m in Sources */,
			);
			runOnlyForDeploymentPostprocessing = 0;
		};
/* End PBXSourcesBuildPhase section */

/* Begin PBXVariantGroup section */
		771DD94F2137C52300E49774 /* Main.storyboard */ = {
			isa = PBXVariantGroup;
			children = (
				771DD9502137C52300E49774 /* Base */,
			);
			name = Main.storyboard;
			sourceTree = "<group>";
		};
		771DD9542137C52400E49774 /* LaunchScreen.storyboard */ = {
			isa = PBXVariantGroup;
			children = (
				771DD9552137C52400E49774 /* Base */,
			);
			name = LaunchScreen.storyboard;
			sourceTree = "<group>";
		};
/* End PBXVariantGroup section */

/* Begin XCBuildConfiguration section */
		771DD95A2137C52400E49774 /* Debug */ = {
			isa = XCBuildConfiguration;
			buildSettings = {
				ALWAYS_SEARCH_USER_PATHS = NO;
				CLANG_ANALYZER_NONNULL = YES;
				CLANG_ANALYZER_NUMBER_OBJECT_CONVERSION = YES_AGGRESSIVE;
				CLANG_CXX_LANGUAGE_STANDARD = "gnu++14";
				CLANG_CXX_LIBRARY = "libc++";
				CLANG_ENABLE_MODULES = YES;
				CLANG_ENABLE_OBJC_ARC = YES;
				CLANG_ENABLE_OBJC_WEAK = YES;
				CLANG_WARN_BLOCK_CAPTURE_AUTORELEASING = YES;
				CLANG_WARN_BOOL_CONVERSION = YES;
				CLANG_WARN_COMMA = YES;
				CLANG_WARN_CONSTANT_CONVERSION = YES;
				CLANG_WARN_DEPRECATED_OBJC_IMPLEMENTATIONS = YES;
				CLANG_WARN_DIRECT_OBJC_ISA_USAGE = YES_ERROR;
				CLANG_WARN_DOCUMENTATION_COMMENTS = YES;
				CLANG_WARN_EMPTY_BODY = YES;
				CLANG_WARN_ENUM_CONVERSION = YES;
				CLANG_WARN_INFINITE_RECURSION = YES;
				CLANG_WARN_INT_CONVERSION = YES;
				CLANG_WARN_NON_LITERAL_NULL_CONVERSION = YES;
				CLANG_WARN_OBJC_IMPLICIT_RETAIN_SELF = YES;
				CLANG_WARN_OBJC_LITERAL_CONVERSION = YES;
				CLANG_WARN_OBJC_ROOT_CLASS = YES_ERROR;
				CLANG_WARN_RANGE_LOOP_ANALYSIS = YES;
				CLANG_WARN_STRICT_PROTOTYPES = YES;
				CLANG_WARN_SUSPICIOUS_MOVE = YES;
				CLANG_WARN_UNGUARDED_AVAILABILITY = YES_AGGRESSIVE;
				CLANG_WARN_UNREACHABLE_CODE = YES;
				CLANG_WARN__DUPLICATE_METHOD_MATCH = YES;
				CODE_SIGN_IDENTITY = "iPhone Developer";
				COPY_PHASE_STRIP = NO;
				DEBUG_INFORMATION_FORMAT = dwarf;
				ENABLE_STRICT_OBJC_MSGSEND = YES;
				ENABLE_TESTABILITY = YES;
				GCC_C_LANGUAGE_STANDARD = gnu11;
				GCC_DYNAMIC_NO_PIC = NO;
				GCC_NO_COMMON_BLOCKS = YES;
				GCC_OPTIMIZATION_LEVEL = 0;
				GCC_PREPROCESSOR_DEFINITIONS = (
					"DEBUG=1",
					"$(inherited)",
				);
				GCC_WARN_64_TO_32_BIT_CONVERSION = YES;
				GCC_WARN_ABOUT_RETURN_TYPE = YES_ERROR;
				GCC_WARN_UNDECLARED_SELECTOR = YES;
				GCC_WARN_UNINITIALIZED_AUTOS = YES_AGGRESSIVE;
				GCC_WARN_UNUSED_FUNCTION = YES;
				GCC_WARN_UNUSED_VARIABLE = YES;
				IPHONEOS_DEPLOYMENT_TARGET = 11.3;
				MTL_ENABLE_DEBUG_INFO = YES;
				ONLY_ACTIVE_ARCH = YES;
				SDKROOT = iphoneos;
			};
			name = Debug;
		};
		771DD95B2137C52400E49774 /* Release */ = {
			isa = XCBuildConfiguration;
			buildSettings = {
				ALWAYS_SEARCH_USER_PATHS = NO;
				CLANG_ANALYZER_NONNULL = YES;
				CLANG_ANALYZER_NUMBER_OBJECT_CONVERSION = YES_AGGRESSIVE;
				CLANG_CXX_LANGUAGE_STANDARD = "gnu++14";
				CLANG_CXX_LIBRARY = "libc++";
				CLANG_ENABLE_MODULES = YES;
				CLANG_ENABLE_OBJC_ARC = YES;
				CLANG_ENABLE_OBJC_WEAK = YES;
				CLANG_WARN_BLOCK_CAPTURE_AUTORELEASING = YES;
				CLANG_WARN_BOOL_CONVERSION = YES;
				CLANG_WARN_COMMA = YES;
				CLANG_WARN_CONSTANT_CONVERSION = YES;
				CLANG_WARN_DEPRECATED_OBJC_IMPLEMENTATIONS = YES;
				CLANG_WARN_DIRECT_OBJC_ISA_USAGE = YES_ERROR;
				CLANG_WARN_DOCUMENTATION_COMMENTS = YES;
				CLANG_WARN_EMPTY_BODY = YES;
				CLANG_WARN_ENUM_CONVERSION = YES;
				CLANG_WARN_INFINITE_RECURSION = YES;
				CLANG_WARN_INT_CONVERSION = YES;
				CLANG_WARN_NON_LITERAL_NULL_CONVERSION = YES;
				CLANG_WARN_OBJC_IMPLICIT_RETAIN_SELF = YES;
				CLANG_WARN_OBJC_LITERAL_CONVERSION = YES;
				CLANG_WARN_OBJC_ROOT_CLASS = YES_ERROR;
				CLANG_WARN_RANGE_LOOP_ANALYSIS = YES;
				CLANG_WARN_STRICT_PROTOTYPES = YES;
				CLANG_WARN_SUSPICIOUS_MOVE = YES;
				CLANG_WARN_UNGUARDED_AVAILABILITY = YES_AGGRESSIVE;
				CLANG_WARN_UNREACHABLE_CODE = YES;
				CLANG_WARN__DUPLICATE_METHOD_MATCH = YES;
				CODE_SIGN_IDENTITY = "iPhone Developer";
				COPY_PHASE_STRIP = NO;
				DEBUG_INFORMATION_FORMAT = "dwarf-with-dsym";
				ENABLE_NS_ASSERTIONS = NO;
				ENABLE_STRICT_OBJC_MSGSEND = YES;
				GCC_C_LANGUAGE_STANDARD = gnu11;
				GCC_NO_COMMON_BLOCKS = YES;
				GCC_WARN_64_TO_32_BIT_CONVERSION = YES;
				GCC_WARN_ABOUT_RETURN_TYPE = YES_ERROR;
				GCC_WARN_UNDECLARED_SELECTOR = YES;
				GCC_WARN_UNINITIALIZED_AUTOS = YES_AGGRESSIVE;
				GCC_WARN_UNUSED_FUNCTION = YES;
				GCC_WARN_UNUSED_VARIABLE = YES;
				IPHONEOS_DEPLOYMENT_TARGET = 11.3;
				MTL_ENABLE_DEBUG_INFO = NO;
				SDKROOT = iphoneos;
				VALIDATE_PRODUCT = YES;
			};
			name = Release;
		};
		771DD95D2137C52400E49774 /* Debug */ = {
			isa = XCBuildConfiguration;
			baseConfigurationReference = 877CFE984E132F2DDF1D4DF8 /* Pods-YWKit.debug.xcconfig */;
			buildSettings = {
				ASSETCATALOG_COMPILER_APPICON_NAME = AppIcon;
				CODE_SIGN_STYLE = Manual;
				DEVELOPMENT_TEAM = 9C8439L29Q;
				INFOPLIST_FILE = YWKit/Info.plist;
				IPHONEOS_DEPLOYMENT_TARGET = 10.3;
				LD_RUNPATH_SEARCH_PATHS = (
					"$(inherited)",
					"@executable_path/Frameworks",
				);
				PRODUCT_BUNDLE_IDENTIFIER = com.yw.YWKit;
				PRODUCT_NAME = "$(TARGET_NAME)";
				PROVISIONING_PROFILE = "54a5fdaf-a6a5-41bd-8807-3ff3baff6e30";
				PROVISIONING_PROFILE_SPECIFIER = "wang xu wild test for miguzhibo";
				TARGETED_DEVICE_FAMILY = "1,2";
			};
			name = Debug;
		};
		771DD95E2137C52400E49774 /* Release */ = {
			isa = XCBuildConfiguration;
			baseConfigurationReference = FE5384EF05DB6FD1049D50F2 /* Pods-YWKit.release.xcconfig */;
			buildSettings = {
				ASSETCATALOG_COMPILER_APPICON_NAME = AppIcon;
				CODE_SIGN_STYLE = Manual;
				DEVELOPMENT_TEAM = 9C8439L29Q;
				INFOPLIST_FILE = YWKit/Info.plist;
				IPHONEOS_DEPLOYMENT_TARGET = 10.3;
				LD_RUNPATH_SEARCH_PATHS = (
					"$(inherited)",
					"@executable_path/Frameworks",
				);
				PRODUCT_BUNDLE_IDENTIFIER = com.yw.YWKit;
				PRODUCT_NAME = "$(TARGET_NAME)";
				PROVISIONING_PROFILE = "54a5fdaf-a6a5-41bd-8807-3ff3baff6e30";
				PROVISIONING_PROFILE_SPECIFIER = "wang xu wild test for miguzhibo";
				TARGETED_DEVICE_FAMILY = "1,2";
			};
			name = Release;
		};
/* End XCBuildConfiguration section */

/* Begin XCConfigurationList section */
		771DD9412137C52200E49774 /* Build configuration list for PBXProject "YWKit" */ = {
			isa = XCConfigurationList;
			buildConfigurations = (
				771DD95A2137C52400E49774 /* Debug */,
				771DD95B2137C52400E49774 /* Release */,
			);
			defaultConfigurationIsVisible = 0;
			defaultConfigurationName = Release;
		};
		771DD95C2137C52400E49774 /* Build configuration list for PBXNativeTarget "YWKit" */ = {
			isa = XCConfigurationList;
			buildConfigurations = (
				771DD95D2137C52400E49774 /* Debug */,
				771DD95E2137C52400E49774 /* Release */,
			);
			defaultConfigurationIsVisible = 0;
			defaultConfigurationName = Release;
		};
/* End XCConfigurationList section */
	};
	rootObject = 771DD93E2137C52200E49774 /* Project object */;
}
